
Microsoft Visual Studio Solution File, Format Version 12.00
# Visual Studio Version 16
VisualStudioVersion = 16.0.29409.12
MinimumVisualStudioVersion = 10.0.40219.1
Project("{FAE04EC0-301F-11D3-BF4B-00C04F79EFBC}") = "StackoverflowChatbot", "StackoverflowChatbot\StackoverflowChatbot.csproj", "{6577B0B6-103B-4F46-9B84-0DD52BBB1E9C}"
EndProject
Global
	GlobalSection(SolutionConfigurationPlatforms) = preSolution
		Debug|Any CPU = Debug|Any CPU
		Release|Any CPU = Release|Any CPU
	EndGlobalSection
	GlobalSection(ProjectConfigurationPlatforms) = postSolution
		{6577B0B6-103B-4F46-9B84-0DD52BBB1E9C}.Debug|Any CPU.ActiveCfg = Debug|Any CPU
		{6577B0B6-103B-4F46-9B84-0DD52BBB1E9C}.Debug|Any CPU.Build.0 = Debug|Any CPU
		{6577B0B6-103B-4F46-9B84-0DD52BBB1E9C}.Release|Any CPU.ActiveCfg = Release|Any CPU
		{6577B0B6-103B-4F46-9B84-0DD52BBB1E9C}.Release|Any CPU.Build.0 = Release|Any CPU
	EndGlobalSection
	GlobalSection(SolutionProperties) = preSolution
		HideSolutionNode = FALSE
	EndGlobalSection
	GlobalSection(ExtensibilityGlobals) = postSolution
		SolutionGuid = {EAAE3093-A817-447C-9528-0ECE392425DA}
	EndGlobalSection
EndGlobal
